
Microsoft Visual Studio Solution File, Format Version 12.00
# Visual Studio 15
VisualStudioVersion = 15.0.28307.1082
MinimumVisualStudioVersion = 10.0.40219.1
Project("{8BC9CEB8-8B4A-11D0-8D11-00A0C91BC942}") = "WinAPI", "WinAPI\WinAPI.vcxproj", "{3B529BD5-2453-49A1-9291-6525DC6DAF20}"
EndProject
Project("{8BC9CEB8-8B4A-11D0-8D11-00A0C91BC942}") = "ComboBox", "ComboBox\ComboBox.vcxproj", "{B19E5BA6-C38C-488E-965E-CC67A15FBC3D}"
EndProject
Project("{8BC9CEB8-8B4A-11D0-8D11-00A0C91BC942}") = "MainWindow", "MainWindow\MainWindow.vcxproj", "{DBDA8D2C-364E-4FA3-B7DB-E8C8B67A5C7F}"
EndProject
Project("{8BC9CEB8-8B4A-11D0-8D11-00A0C91BC942}") = "Calc", "Calc\Calc.vcxproj", "{C3BE7842-CC9C-42DA-9AF8-B6B08ED0A636}"
EndProject
Global
	GlobalSection(SolutionConfigurationPlatforms) = preSolution
		Debug|x64 = Debug|x64
		Debug|x86 = Debug|x86
		Release|x64 = Release|x64
		Release|x86 = Release|x86
	EndGlobalSection
	GlobalSection(ProjectConfigurationPlatforms) = postSolution
		{3B529BD5-2453-49A1-9291-6525DC6DAF20}.Debug|x64.ActiveCfg = Debug|x64
		{3B529BD5-2453-49A1-9291-6525DC6DAF20}.Debug|x64.Build.0 = Debug|x64
		{3B529BD5-2453-49A1-9291-6525DC6DAF20}.Debug|x86.ActiveCfg = Debug|Win32
		{3B529BD5-2453-49A1-9291-6525DC6DAF20}.Debug|x86.Build.0 = Debug|Win32
		{3B529BD5-2453-49A1-9291-6525DC6DAF20}.Release|x64.ActiveCfg = Release|x64
		{3B529BD5-2453-49A1-9291-6525DC6DAF20}.Release|x64.Build.0 = Release|x64
		{3B529BD5-2453-49A1-9291-6525DC6DAF20}.Release|x86.ActiveCfg = Release|Win32
		{3B529BD5-2453-49A1-9291-6525DC6DAF20}.Release|x86.Build.0 = Release|Win32
		{B19E5BA6-C38C-488E-965E-CC67A15FBC3D}.Debug|x64.ActiveCfg = Debug|x64
		{B19E5BA6-C38C-488E-965E-CC67A15FBC3D}.Debug|x64.Build.0 = Debug|x64
		{B19E5BA6-C38C-488E-965E-CC67A15FBC3D}.Debug|x86.ActiveCfg = Debug|Win32
		{B19E5BA6-C38C-488E-965E-CC67A15FBC3D}.Debug|x86.Build.0 = Debug|Win32
		{B19E5BA6-C38C-488E-965E-CC67A15FBC3D}.Release|x64.ActiveCfg = Release|x64
		{B19E5BA6-C38C-488E-965E-CC67A15FBC3D}.Release|x64.Build.0 = Release|x64
		{B19E5BA6-C38C-488E-965E-CC67A15FBC3D}.Release|x86.ActiveCfg = Release|Win32
		{B19E5BA6-C38C-488E-965E-CC67A15FBC3D}.Release|x86.Build.0 = Release|Win32
		{DBDA8D2C-364E-4FA3-B7DB-E8C8B67A5C7F}.Debug|x64.ActiveCfg = Debug|x64
		{DBDA8D2C-364E-4FA3-B7DB-E8C8B67A5C7F}.Debug|x64.Build.0 = Debug|x64
		{DBDA8D2C-364E-4FA3-B7DB-E8C8B67A5C7F}.Debug|x86.ActiveCfg = Debug|Win32
		{DBDA8D2C-364E-4FA3-B7DB-E8C8B67A5C7F}.Debug|x86.Build.0 = Debug|Win32
		{DBDA8D2C-364E-4FA3-B7DB-E8C8B67A5C7F}.Release|x64.ActiveCfg = Release|x64
		{DBDA8D2C-364E-4FA3-B7DB-E8C8B67A5C7F}.Release|x64.Build.0 = Release|x64
		{DBDA8D2C-364E-4FA3-B7DB-E8C8B67A5C7F}.Release|x86.ActiveCfg = Release|Win32
		{DBDA8D2C-364E-4FA3-B7DB-E8C8B67A5C7F}.Release|x86.Build.0 = Release|Win32
		{C3BE7842-CC9C-42DA-9AF8-B6B08ED0A636}.Debug|x64.ActiveCfg = Debug|x64
		{C3BE7842-CC9C-42DA-9AF8-B6B08ED0A636}.Debug|x64.Build.0 = Debug|x64
		{C3BE7842-CC9C-42DA-9AF8-B6B08ED0A636}.Debug|x86.ActiveCfg = Debug|Win32
		{C3BE7842-CC9C-42DA-9AF8-B6B08ED0A636}.Debug|x86.Build.0 = Debug|Win32
		{C3BE7842-CC9C-42DA-9AF8-B6B08ED0A636}.Release|x64.ActiveCfg = Release|x64
		{C3BE7842-CC9C-42DA-9AF8-B6B08ED0A636}.Release|x64.Build.0 = Release|x64
		{C3BE7842-CC9C-42DA-9AF8-B6B08ED0A636}.Release|x86.ActiveCfg = Release|Win32
		{C3BE7842-CC9C-42DA-9AF8-B6B08ED0A636}.Release|x86.Build.0 = Release|Win32
	EndGlobalSection
	GlobalSection(SolutionProperties) = preSolution
		HideSolutionNode = FALSE
	EndGlobalSection
	GlobalSection(ExtensibilityGlobals) = postSolution
		SolutionGuid = {EE072823-7C1A-4B63-9B75-725189D61DD6}
	EndGlobalSection
EndGlobal
